
Microsoft Visual Studio Solution File, Format Version 12.00
# Visual Studio Version 17
VisualStudioVersion = 17.3.32922.545
MinimumVisualStudioVersion = 10.0.40219.1
Project("{FAE04EC0-301F-11D3-BF4B-00C04F79EFBC}") = "Catagram.Server", "Catagram\Server\Catagram.Server.csproj", "{D26FBD88-109E-45F6-9386-18AA1BBB52EB}"
EndProject
Project("{FAE04EC0-301F-11D3-BF4B-00C04F79EFBC}") = "Catagram.Client", "Catagram\Client\Catagram.Client.csproj", "{251D159C-9E2D-4752-AE3C-1D31A2DA9DE3}"
EndProject
Project("{FAE04EC0-301F-11D3-BF4B-00C04F79EFBC}") = "Catagram.Shared", "Catagram\Shared\Catagram.Shared.csproj", "{74741BA7-EF29-4CD3-92DE-2CEF7560CA43}"
EndProject
Global
	GlobalSection(SolutionConfigurationPlatforms) = preSolution
		Debug|Any CPU = Debug|Any CPU
		Release|Any CPU = Release|Any CPU
	EndGlobalSection
	GlobalSection(ProjectConfigurationPlatforms) = postSolution
		{D26FBD88-109E-45F6-9386-18AA1BBB52EB}.Debug|Any CPU.ActiveCfg = Debug|Any CPU
		{D26FBD88-109E-45F6-9386-18AA1BBB52EB}.Debug|Any CPU.Build.0 = Debug|Any CPU
		{D26FBD88-109E-45F6-9386-18AA1BBB52EB}.Release|Any CPU.ActiveCfg = Release|Any CPU
		{D26FBD88-109E-45F6-9386-18AA1BBB52EB}.Release|Any CPU.Build.0 = Release|Any CPU
		{251D159C-9E2D-4752-AE3C-1D31A2DA9DE3}.Debug|Any CPU.ActiveCfg = Debug|Any CPU
		{251D159C-9E2D-4752-AE3C-1D31A2DA9DE3}.Debug|Any CPU.Build.0 = Debug|Any CPU
		{251D159C-9E2D-4752-AE3C-1D31A2DA9DE3}.Release|Any CPU.ActiveCfg = Release|Any CPU
		{251D159C-9E2D-4752-AE3C-1D31A2DA9DE3}.Release|Any CPU.Build.0 = Release|Any CPU
		{74741BA7-EF29-4CD3-92DE-2CEF7560CA43}.Debug|Any CPU.ActiveCfg = Debug|Any CPU
		{74741BA7-EF29-4CD3-92DE-2CEF7560CA43}.Debug|Any CPU.Build.0 = Debug|Any CPU
		{74741BA7-EF29-4CD3-92DE-2CEF7560CA43}.Release|Any CPU.ActiveCfg = Release|Any CPU
		{74741BA7-EF29-4CD3-92DE-2CEF7560CA43}.Release|Any CPU.Build.0 = Release|Any CPU
	EndGlobalSection
	GlobalSection(SolutionProperties) = preSolution
		HideSolutionNode = FALSE
	EndGlobalSection
	GlobalSection(ExtensibilityGlobals) = postSolution
		SolutionGuid = {C66A9B4D-85AE-4A82-AD83-6AD7D62C861B}
	EndGlobalSection
EndGlobal
